
Microsoft Visual Studio Solution File, Format Version 12.00
# Visual Studio Version 16
VisualStudioVersion = 16.0.30523.141
MinimumVisualStudioVersion = 10.0.40219.1
Project("{9A19103F-16F7-4668-BE54-9A1E7A4F7556}") = "UnoVPKTool", "UnoVPKTool\UnoVPKTool.csproj", "{82AB7299-6720-4ED6-BB23-BA25EEF37DDB}"
EndProject
Project("{9A19103F-16F7-4668-BE54-9A1E7A4F7556}") = "UnoVPKTool.Tests", "UnoVPKTool.Tests\UnoVPKTool.Tests.csproj", "{014CA4C8-E2E2-4B90-A100-A440396E04A1}"
EndProject
Project("{9A19103F-16F7-4668-BE54-9A1E7A4F7556}") = "UnoVPKTool.WPF", "UnoVPKTool.WPF\UnoVPKTool.WPF.csproj", "{C4028138-032B-485D-BC1E-FBBB5A1DBD91}"
EndProject
Project("{9A19103F-16F7-4668-BE54-9A1E7A4F7556}") = "LzhamWrapper", "LzhamWrapper\LzhamWrapper.csproj", "{5C0719CC-8C05-4D94-815B-8DB6E12AA96C}"
EndProject
Project("{2150E333-8FDC-42A3-9474-1A3956D46DE8}") = "Solution Items", "Solution Items", "{D8B9BAE0-8A6B-4DD0-8BFE-D4F0FE10A70E}"
	ProjectSection(SolutionItems) = preProject
		.editorconfig = .editorconfig
	EndProjectSection
EndProject
Global
	GlobalSection(SolutionConfigurationPlatforms) = preSolution
		Debug|Any CPU = Debug|Any CPU
		Release|Any CPU = Release|Any CPU
	EndGlobalSection
	GlobalSection(ProjectConfigurationPlatforms) = postSolution
		{82AB7299-6720-4ED6-BB23-BA25EEF37DDB}.Debug|Any CPU.ActiveCfg = Debug|Any CPU
		{82AB7299-6720-4ED6-BB23-BA25EEF37DDB}.Debug|Any CPU.Build.0 = Debug|Any CPU
		{82AB7299-6720-4ED6-BB23-BA25EEF37DDB}.Release|Any CPU.ActiveCfg = Release|Any CPU
		{82AB7299-6720-4ED6-BB23-BA25EEF37DDB}.Release|Any CPU.Build.0 = Release|Any CPU
		{014CA4C8-E2E2-4B90-A100-A440396E04A1}.Debug|Any CPU.ActiveCfg = Debug|Any CPU
		{014CA4C8-E2E2-4B90-A100-A440396E04A1}.Debug|Any CPU.Build.0 = Debug|Any CPU
		{014CA4C8-E2E2-4B90-A100-A440396E04A1}.Release|Any CPU.ActiveCfg = Release|Any CPU
		{014CA4C8-E2E2-4B90-A100-A440396E04A1}.Release|Any CPU.Build.0 = Release|Any CPU
		{C4028138-032B-485D-BC1E-FBBB5A1DBD91}.Debug|Any CPU.ActiveCfg = Debug|Any CPU
		{C4028138-032B-485D-BC1E-FBBB5A1DBD91}.Debug|Any CPU.Build.0 = Debug|Any CPU
		{C4028138-032B-485D-BC1E-FBBB5A1DBD91}.Release|Any CPU.ActiveCfg = Release|Any CPU
		{C4028138-032B-485D-BC1E-FBBB5A1DBD91}.Release|Any CPU.Build.0 = Release|Any CPU
		{5C0719CC-8C05-4D94-815B-8DB6E12AA96C}.Debug|Any CPU.ActiveCfg = Debug|Any CPU
		{5C0719CC-8C05-4D94-815B-8DB6E12AA96C}.Debug|Any CPU.Build.0 = Debug|Any CPU
		{5C0719CC-8C05-4D94-815B-8DB6E12AA96C}.Release|Any CPU.ActiveCfg = Release|Any CPU
		{5C0719CC-8C05-4D94-815B-8DB6E12AA96C}.Release|Any CPU.Build.0 = Release|Any CPU
	EndGlobalSection
	GlobalSection(SolutionProperties) = preSolution
		HideSolutionNode = FALSE
	EndGlobalSection
	GlobalSection(ExtensibilityGlobals) = postSolution
		SolutionGuid = {ACAAD7CA-4AB0-473A-9531-F83F75B8F60A}
	EndGlobalSection
EndGlobal
